<?xml version="1.0" encoding="utf-8"?>
<Project ToolsVersion="4.0" xmlns="http://schemas.microsoft.com/developer/msbuild/2003">
  <ItemGroup>
    <Filter Include="소스 파일">
      <UniqueIdentifier>{4FC737F1-C7A5-4376-A066-2A32D752A2FF}</UniqueIdentifier>
      <Extensions>cpp;c;cc;cxx;def;odl;idl;hpj;bat;asm;asmx</Extensions>
    </Filter>
    <Filter Include="헤더 파일">
      <UniqueIdentifier>{93995380-89BD-4b04-88EB-625FBE52EBFB}</UniqueIdentifier>
      <Extensions>h;hh;hpp;hxx;hm;inl;inc;xsd</Extensions>
    </Filter>
    <Filter Include="리소스 파일">
      <UniqueIdentifier>{67DA6AB6-F800-4c08-8B7A-83BB121AAD01}</UniqueIdentifier>
      <Extensions>rc;ico;cur;bmp;dlg;rc2;rct;bin;rgs;gif;jpg;jpeg;jpe;resx;tiff;tif;png;wav;mfcribbon-ms</Extensions>
    </Filter>
    <Filter Include="소스 파일\Graphics">
      <UniqueIdentifier>{f9469ac2-feab-49e0-a853-f48060779541}</UniqueIdentifier>
    </Filter>
    <Filter Include="소스 파일\System">
      <UniqueIdentifier>{8d1a2662-8ecc-42e4-b2c6-412ddd19f2a5}</UniqueIdentifier>
    </Filter>
    <Filter Include="소스 파일\Game">
      <UniqueIdentifier>{f87d8608-86b7-4319-b7d9-5b0940798360}</UniqueIdentifier>
    </Filter>
    <Filter Include="소스 파일\System\ComponentSystem">
      <UniqueIdentifier>{075654c7-a599-45ae-b1f5-77d94cc71fc4}</UniqueIdentifier>
    </Filter>
    <Filter Include="소스 파일\Game\Map">
      <UniqueIdentifier>{3e347322-cac5-405e-899a-b2769d4b5b1a}</UniqueIdentifier>
    </Filter>
    <Filter Include="소스 파일\Game\Character">
      <UniqueIdentifier>{84a5cfac-b221-4afe-b4f7-edb71fc68b3c}</UniqueIdentifier>
    </Filter>
    <Filter Include="소스 파일\Game\Character\state">
      <UniqueIdentifier>{b2c348c5-02a7-498a-a192-957a90704449}</UniqueIdentifier>
    </Filter>
    <Filter Include="소스 파일\Game\Item">
      <UniqueIdentifier>{70752bd6-29cc-4fea-8a0e-bc1c1a300633}</UniqueIdentifier>
    </Filter>
    <Filter Include="소스 파일\Game\Stage">
      <UniqueIdentifier>{3ee0727e-d7bc-4fe3-8ba4-dbcb7c878ecb}</UniqueIdentifier>
    </Filter>
    <Filter Include="소스 파일\Game\Stage\Loader">
      <UniqueIdentifier>{bf088e2e-a323-404e-8b15-35158c307176}</UniqueIdentifier>
    </Filter>
  </ItemGroup>
  <ItemGroup>
    <ClCompile Include="GameSystem.cpp">
      <Filter>소스 파일\System</Filter>
    </ClCompile>
    <ClCompile Include="GameTimer.cpp">
      <Filter>소스 파일\System</Filter>
    </ClCompile>
    <ClCompile Include="winmain.cpp">
      <Filter>소스 파일\System</Filter>
    </ClCompile>
    <ClCompile Include="Sprite.cpp">
      <Filter>소스 파일\Graphics</Filter>
    </ClCompile>
    <ClCompile Include="Frame.cpp">
      <Filter>소스 파일\Graphics</Filter>
    </ClCompile>
    <ClCompile Include="Texture.cpp">
      <Filter>소스 파일\Graphics</Filter>
    </ClCompile>
    <ClCompile Include="ResourceManager.cpp">
      <Filter>소스 파일\Graphics</Filter>
    </ClCompile>
    <ClCompile Include="Component.cpp">
      <Filter>소스 파일\System\ComponentSystem</Filter>
    </ClCompile>
    <ClCompile Include="ComponentSystem.cpp">
      <Filter>소스 파일\System\ComponentSystem</Filter>
    </ClCompile>
    <ClCompile Include="TileCell.cpp">
      <Filter>소스 파일\Game\Map</Filter>
    </ClCompile>
    <ClCompile Include="Map.cpp">
      <Filter>소스 파일\Game\Map</Filter>
    </ClCompile>
    <ClCompile Include="Character.cpp">
      <Filter>소스 파일\Game\Character</Filter>
    </ClCompile>
    <ClCompile Include="NPC.cpp">
      <Filter>소스 파일\Game\Character</Filter>
    </ClCompile>
    <ClCompile Include="Player.cpp">
      <Filter>소스 파일\Game\Character</Filter>
    </ClCompile>
    <ClCompile Include="TileObject.cpp">
      <Filter>소스 파일\Game\Map</Filter>
    </ClCompile>
    <ClCompile Include="Monster.cpp">
      <Filter>소스 파일\Game\Character</Filter>
    </ClCompile>
    <ClCompile Include="MoveState.cpp">
      <Filter>소스 파일\Game\Character\state</Filter>
    </ClCompile>
    <ClCompile Include="State.cpp">
      <Filter>소스 파일\Game\Character\state</Filter>
    </ClCompile>
    <ClCompile Include="IdleState.cpp">
      <Filter>소스 파일\Game\Character\state</Filter>
    </ClCompile>
    <ClCompile Include="AttackState.cpp">
      <Filter>소스 파일\Game\Character\state</Filter>
    </ClCompile>
    <ClCompile Include="DefenceState.cpp">
      <Filter>소스 파일\Game\Character\state</Filter>
    </ClCompile>
    <ClCompile Include="DeadState.cpp">
      <Filter>소스 파일\Game\Character\state</Filter>
    </ClCompile>
    <ClCompile Include="Font.cpp">
      <Filter>소스 파일\Graphics</Filter>
    </ClCompile>
    <ClCompile Include="RecoveryItem.cpp">
      <Filter>소스 파일\Game\Item</Filter>
    </ClCompile>
    <ClCompile Include="Stage.cpp">
      <Filter>소스 파일\Game\Stage</Filter>
    </ClCompile>
    <ClCompile Include="LifeTileObject.cpp">
      <Filter>소스 파일\Game\Map</Filter>
    </ClCompile>
    <ClCompile Include="LifeNPC.cpp">
      <Filter>소스 파일\Game\Character</Filter>
    </ClCompile>
    <ClCompile Include="LifePlayer.cpp">
      <Filter>소스 파일\Game\Character</Filter>
    </ClCompile>
    <ClCompile Include="PathfinderStageLoader.cpp">
      <Filter>소스 파일\Game\Stage\Loader</Filter>
    </ClCompile>
    <ClCompile Include="PathfinderPlayer.cpp">
      <Filter>소스 파일\Game\Character</Filter>
    </ClCompile>
    <ClCompile Include="StageLoader.cpp">
      <Filter>소스 파일\Game\Stage\Loader</Filter>
    </ClCompile>
    <ClCompile Include="LifeStageLoader.cpp">
      <Filter>소스 파일\Game\Stage\Loader</Filter>
    </ClCompile>
    <ClCompile Include="PathfinderMonster.cpp">
      <Filter>소스 파일\Game\Character</Filter>
    </ClCompile>
    <ClCompile Include="DefaultStageLoader.cpp">
      <Filter>소스 파일\Game\Stage\Loader</Filter>
    </ClCompile>
    <ClCompile Include="RecoveryState.cpp">
      <Filter>소스 파일\Game\Character\state</Filter>
    </ClCompile>
    <ClCompile Include="PathfindingState.cpp">
      <Filter>소스 파일\Game\Character\state</Filter>
    </ClCompile>
    <ClCompile Include="GlobalType.cpp">
      <Filter>소스 파일</Filter>
    </ClCompile>
  </ItemGroup>
  <ItemGroup>
    <ClInclude Include="Sprite.h">
      <Filter>소스 파일\Graphics</Filter>
    </ClInclude>
    <ClInclude Include="GameSystem.h">
      <Filter>소스 파일\System</Filter>
    </ClInclude>
    <ClInclude Include="GameTimer.h">
      <Filter>소스 파일\System</Filter>
    </ClInclude>
    <ClInclude Include="Frame.h">
      <Filter>소스 파일\Graphics</Filter>
    </ClInclude>
    <ClInclude Include="Texture.h">
      <Filter>소스 파일\Graphics</Filter>
    </ClInclude>
    <ClInclude Include="ResourceManager.h">
      <Filter>소스 파일\Graphics</Filter>
    </ClInclude>
    <ClInclude Include="Component.h">
      <Filter>소스 파일\System\ComponentSystem</Filter>
    </ClInclude>
    <ClInclude Include="ComponentSystem.h">
      <Filter>소스 파일\System\ComponentSystem</Filter>
    </ClInclude>
    <ClInclude Include="TileCell.h">
      <Filter>소스 파일\Game\Map</Filter>
    </ClInclude>
    <ClInclude Include="Map.h">
      <Filter>소스 파일\Game\Map</Filter>
    </ClInclude>
    <ClInclude Include="Character.h">
      <Filter>소스 파일\Game\Character</Filter>
    </ClInclude>
    <ClInclude Include="NPC.h">
      <Filter>소스 파일\Game\Character</Filter>
    </ClInclude>
    <ClInclude Include="Player.h">
      <Filter>소스 파일\Game\Character</Filter>
    </ClInclude>
    <ClInclude Include="TileObject.h">
      <Filter>소스 파일\Game\Map</Filter>
    </ClInclude>
    <ClInclude Include="Monster.h">
      <Filter>소스 파일\Game\Character</Filter>
    </ClInclude>
    <ClInclude Include="ComponentMessage.h">
      <Filter>소스 파일\System\ComponentSystem</Filter>
    </ClInclude>
    <ClInclude Include="MoveState.h">
      <Filter>소스 파일\Game\Character\state</Filter>
    </ClInclude>
    <ClInclude Include="State.h">
      <Filter>소스 파일\Game\Character\state</Filter>
    </ClInclude>
    <ClInclude Include="IdleState.h">
      <Filter>소스 파일\Game\Character\state</Filter>
    </ClInclude>
    <ClInclude Include="AttackState.h">
      <Filter>소스 파일\Game\Character\state</Filter>
    </ClInclude>
    <ClInclude Include="DefenceState.h">
      <Filter>소스 파일\Game\Character\state</Filter>
    </ClInclude>
    <ClInclude Include="DeadState.h">
      <Filter>소스 파일\Game\Character\state</Filter>
    </ClInclude>
    <ClInclude Include="Font.h">
      <Filter>소스 파일\Graphics</Filter>
    </ClInclude>
    <ClInclude Include="RecoveryItem.h">
      <Filter>소스 파일\Game\Item</Filter>
    </ClInclude>
    <ClInclude Include="Stage.h">
      <Filter>소스 파일\Game\Stage</Filter>
    </ClInclude>
    <ClInclude Include="LifeTileObject.h">
      <Filter>소스 파일\Game\Map</Filter>
    </ClInclude>
    <ClInclude Include="LifeNPC.h">
      <Filter>소스 파일\Game\Character</Filter>
    </ClInclude>
    <ClInclude Include="LifePlayer.h">
      <Filter>소스 파일\Game\Character</Filter>
    </ClInclude>
    <ClInclude Include="PathfinderStageLoader.h">
      <Filter>소스 파일\Game\Stage\Loader</Filter>
    </ClInclude>
    <ClInclude Include="PathfinderPlayer.h">
      <Filter>소스 파일\Game\Character</Filter>
    </ClInclude>
    <ClInclude Include="StageLoader.h">
      <Filter>소스 파일\Game\Stage\Loader</Filter>
    </ClInclude>
    <ClInclude Include="LifeStageLoader.h">
      <Filter>소스 파일\Game\Stage\Loader</Filter>
    </ClInclude>
    <ClInclude Include="PathfinderMonster.h">
      <Filter>소스 파일\Game\Character</Filter>
    </ClInclude>
    <ClInclude Include="DefaultStageLoader.h">
      <Filter>소스 파일\Game\Stage\Loader</Filter>
    </ClInclude>
    <ClInclude Include="RecoveryState.h">
      <Filter>소스 파일\Game\Character\state</Filter>
    </ClInclude>
    <ClInclude Include="PathfindingState.h">
      <Filter>소스 파일\Game\Character\state</Filter>
    </ClInclude>
    <ClInclude Include="GlobalType.h">
      <Filter>소스 파일</Filter>
    </ClInclude>
  </ItemGroup>
</Project>